
Microsoft Visual Studio Solution File, Format Version 12.00
# Visual Studio Version 17
VisualStudioVersion = 17.14.36109.1
MinimumVisualStudioVersion = 10.0.40219.1
Project("{FAE04EC0-301F-11D3-BF4B-00C04F79EFBC}") = "IIdentifii.Blog.Shared", "IIdentifii.Blog.Shared\IIdentifii.Blog.Shared.csproj", "{93C7526A-CCDC-F443-07F9-8119E48135A1}"
EndProject
Project("{FAE04EC0-301F-11D3-BF4B-00C04F79EFBC}") = "IIdentifii.Blog.Repository", "IIdentifii.Blog.Repository\IIdentifii.Blog.Repository.csproj", "{C6201F27-BE9A-8B46-1DEA-35757838F780}"
EndProject
Project("{FAE04EC0-301F-11D3-BF4B-00C04F79EFBC}") = "IIdentifii.Blog.BusinessLogic", "IIdentifii.Blog.BusinessLogic\IIdentifii.Blog.BusinessLogic.csproj", "{4EE9A40A-C27C-BD9F-EE8F-AE9214B88645}"
EndProject
Project("{FAE04EC0-301F-11D3-BF4B-00C04F79EFBC}") = "IIdentifii.Blog", "IIdentifii.Blog\IIdentifii.Blog.csproj", "{67C09955-EA6E-47DA-C9B5-3511000B82DC}"
EndProject
Project("{FAE04EC0-301F-11D3-BF4B-00C04F79EFBC}") = "IIdentifii.Blog.Tests", "IIdentifii.Blog.Tests\IIdentifii.Blog.Tests.csproj", "{AD186AA2-25AA-F0C7-EA00-C2B1A2A9C579}"
EndProject
Project("{2150E333-8FDC-42A3-9474-1A3956D46DE8}") = "Solution Items", "Solution Items", "{8EC462FD-D22E-90A8-E5CE-7E832BA40C5D}"
	ProjectSection(SolutionItems) = preProject
		..\README.md = ..\README.md
	EndProjectSection
EndProject
Global
	GlobalSection(SolutionConfigurationPlatforms) = preSolution
		Debug|Any CPU = Debug|Any CPU
		Release|Any CPU = Release|Any CPU
	EndGlobalSection
	GlobalSection(ProjectConfigurationPlatforms) = postSolution
		{93C7526A-CCDC-F443-07F9-8119E48135A1}.Debug|Any CPU.ActiveCfg = Debug|Any CPU
		{93C7526A-CCDC-F443-07F9-8119E48135A1}.Debug|Any CPU.Build.0 = Debug|Any CPU
		{93C7526A-CCDC-F443-07F9-8119E48135A1}.Release|Any CPU.ActiveCfg = Release|Any CPU
		{93C7526A-CCDC-F443-07F9-8119E48135A1}.Release|Any CPU.Build.0 = Release|Any CPU
		{C6201F27-BE9A-8B46-1DEA-35757838F780}.Debug|Any CPU.ActiveCfg = Debug|Any CPU
		{C6201F27-BE9A-8B46-1DEA-35757838F780}.Debug|Any CPU.Build.0 = Debug|Any CPU
		{C6201F27-BE9A-8B46-1DEA-35757838F780}.Release|Any CPU.ActiveCfg = Release|Any CPU
		{C6201F27-BE9A-8B46-1DEA-35757838F780}.Release|Any CPU.Build.0 = Release|Any CPU
		{4EE9A40A-C27C-BD9F-EE8F-AE9214B88645}.Debug|Any CPU.ActiveCfg = Debug|Any CPU
		{4EE9A40A-C27C-BD9F-EE8F-AE9214B88645}.Debug|Any CPU.Build.0 = Debug|Any CPU
		{4EE9A40A-C27C-BD9F-EE8F-AE9214B88645}.Release|Any CPU.ActiveCfg = Release|Any CPU
		{4EE9A40A-C27C-BD9F-EE8F-AE9214B88645}.Release|Any CPU.Build.0 = Release|Any CPU
		{67C09955-EA6E-47DA-C9B5-3511000B82DC}.Debug|Any CPU.ActiveCfg = Debug|Any CPU
		{67C09955-EA6E-47DA-C9B5-3511000B82DC}.Debug|Any CPU.Build.0 = Debug|Any CPU
		{67C09955-EA6E-47DA-C9B5-3511000B82DC}.Release|Any CPU.ActiveCfg = Release|Any CPU
		{67C09955-EA6E-47DA-C9B5-3511000B82DC}.Release|Any CPU.Build.0 = Release|Any CPU
		{AD186AA2-25AA-F0C7-EA00-C2B1A2A9C579}.Debug|Any CPU.ActiveCfg = Debug|Any CPU
		{AD186AA2-25AA-F0C7-EA00-C2B1A2A9C579}.Debug|Any CPU.Build.0 = Debug|Any CPU
		{AD186AA2-25AA-F0C7-EA00-C2B1A2A9C579}.Release|Any CPU.ActiveCfg = Release|Any CPU
		{AD186AA2-25AA-F0C7-EA00-C2B1A2A9C579}.Release|Any CPU.Build.0 = Release|Any CPU
	EndGlobalSection
	GlobalSection(SolutionProperties) = preSolution
		HideSolutionNode = FALSE
	EndGlobalSection
	GlobalSection(ExtensibilityGlobals) = postSolution
		SolutionGuid = {C73DFFE6-3000-4823-A6B5-71073F172F24}
	EndGlobalSection
EndGlobal
